
Microsoft Visual Studio Solution File, Format Version 11.00
# Visual Studio 2010
Project("{8BC9CEB8-8B4A-11D0-8D11-00A0C91BC942}") = "AM_Client", "AM_Client\AM_Client.vcxproj", "{1A53617E-05FC-4F3F-ACA6-977231F86546}"
EndProject
Global
	GlobalSection(SolutionConfigurationPlatforms) = preSolution
		Debug|Win32 = Debug|Win32
		Release|Win32 = Release|Win32
	EndGlobalSection
	GlobalSection(ProjectConfigurationPlatforms) = postSolution
		{1A53617E-05FC-4F3F-ACA6-977231F86546}.Debug|Win32.ActiveCfg = Debug|Win32
		{1A53617E-05FC-4F3F-ACA6-977231F86546}.Debug|Win32.Build.0 = Debug|Win32
		{1A53617E-05FC-4F3F-ACA6-977231F86546}.Release|Win32.ActiveCfg = Release|Win32
		{1A53617E-05FC-4F3F-ACA6-977231F86546}.Release|Win32.Build.0 = Release|Win32
	EndGlobalSection
	GlobalSection(SolutionProperties) = preSolution
		HideSolutionNode = FALSE
	EndGlobalSection
EndGlobal
