
Microsoft Visual Studio Solution File, Format Version 12.00
# Visual Studio Version 16
VisualStudioVersion = 16.0.30104.148
MinimumVisualStudioVersion = 10.0.40219.1
Project("{FAE04EC0-301F-11D3-BF4B-00C04F79EFBC}") = "Gui工具箱", "Gui工具箱.csproj", "{82C7C473-BA52-4F27-BE89-7ED528C8AF28}"
EndProject
Project("{2150E333-8FDC-42A3-9474-1A3956D46DE8}") = "Solution Items", "Solution Items", "{0DA12F8E-798B-4D2D-BFC1-F217B8BCA9D8}"
EndProject
Project("{FAE04EC0-301F-11D3-BF4B-00C04F79EFBC}") = "文件夹同步助手", "..\文件夹同步助手\文件夹同步助手.csproj", "{5C27F4E6-4FA8-43DB-9DC9-0E5E84AEE3B1}"
EndProject
Project("{FAE04EC0-301F-11D3-BF4B-00C04F79EFBC}") = "常用电脑路径", "..\常用电脑路径\常用电脑路径.csproj", "{DAB07A5F-0CD5-46EB-8B3B-9240040F196C}"
EndProject
Project("{FAE04EC0-301F-11D3-BF4B-00C04F79EFBC}") = "FunctionClassLibrary", "..\FunctionClassLibrary\FunctionClassLibrary.csproj", "{76F3BF8A-F4DD-43B8-8A43-F8FD54CF83E8}"
EndProject
Project("{FAE04EC0-301F-11D3-BF4B-00C04F79EFBC}") = "注册表修改工具", "..\注册表修改工具\注册表修改工具.csproj", "{E5BC0A45-E246-4838-88F1-28AEE9EB98C3}"
EndProject
Global
	GlobalSection(SolutionConfigurationPlatforms) = preSolution
		Debug|Any CPU = Debug|Any CPU
		Release|Any CPU = Release|Any CPU
	EndGlobalSection
	GlobalSection(ProjectConfigurationPlatforms) = postSolution
		{82C7C473-BA52-4F27-BE89-7ED528C8AF28}.Debug|Any CPU.ActiveCfg = Debug|Any CPU
		{82C7C473-BA52-4F27-BE89-7ED528C8AF28}.Debug|Any CPU.Build.0 = Debug|Any CPU
		{82C7C473-BA52-4F27-BE89-7ED528C8AF28}.Release|Any CPU.ActiveCfg = Release|Any CPU
		{82C7C473-BA52-4F27-BE89-7ED528C8AF28}.Release|Any CPU.Build.0 = Release|Any CPU
		{5C27F4E6-4FA8-43DB-9DC9-0E5E84AEE3B1}.Debug|Any CPU.ActiveCfg = Debug|Any CPU
		{5C27F4E6-4FA8-43DB-9DC9-0E5E84AEE3B1}.Debug|Any CPU.Build.0 = Debug|Any CPU
		{5C27F4E6-4FA8-43DB-9DC9-0E5E84AEE3B1}.Release|Any CPU.ActiveCfg = Release|Any CPU
		{5C27F4E6-4FA8-43DB-9DC9-0E5E84AEE3B1}.Release|Any CPU.Build.0 = Release|Any CPU
		{DAB07A5F-0CD5-46EB-8B3B-9240040F196C}.Debug|Any CPU.ActiveCfg = Debug|Any CPU
		{DAB07A5F-0CD5-46EB-8B3B-9240040F196C}.Debug|Any CPU.Build.0 = Debug|Any CPU
		{DAB07A5F-0CD5-46EB-8B3B-9240040F196C}.Release|Any CPU.ActiveCfg = Release|Any CPU
		{DAB07A5F-0CD5-46EB-8B3B-9240040F196C}.Release|Any CPU.Build.0 = Release|Any CPU
		{76F3BF8A-F4DD-43B8-8A43-F8FD54CF83E8}.Debug|Any CPU.ActiveCfg = Debug|Any CPU
		{76F3BF8A-F4DD-43B8-8A43-F8FD54CF83E8}.Debug|Any CPU.Build.0 = Debug|Any CPU
		{76F3BF8A-F4DD-43B8-8A43-F8FD54CF83E8}.Release|Any CPU.ActiveCfg = Release|Any CPU
		{76F3BF8A-F4DD-43B8-8A43-F8FD54CF83E8}.Release|Any CPU.Build.0 = Release|Any CPU
		{E5BC0A45-E246-4838-88F1-28AEE9EB98C3}.Debug|Any CPU.ActiveCfg = Debug|Any CPU
		{E5BC0A45-E246-4838-88F1-28AEE9EB98C3}.Debug|Any CPU.Build.0 = Debug|Any CPU
		{E5BC0A45-E246-4838-88F1-28AEE9EB98C3}.Release|Any CPU.ActiveCfg = Release|Any CPU
		{E5BC0A45-E246-4838-88F1-28AEE9EB98C3}.Release|Any CPU.Build.0 = Release|Any CPU
	EndGlobalSection
	GlobalSection(SolutionProperties) = preSolution
		HideSolutionNode = FALSE
	EndGlobalSection
	GlobalSection(NestedProjects) = preSolution
		{5C27F4E6-4FA8-43DB-9DC9-0E5E84AEE3B1} = {0DA12F8E-798B-4D2D-BFC1-F217B8BCA9D8}
		{DAB07A5F-0CD5-46EB-8B3B-9240040F196C} = {0DA12F8E-798B-4D2D-BFC1-F217B8BCA9D8}
		{76F3BF8A-F4DD-43B8-8A43-F8FD54CF83E8} = {0DA12F8E-798B-4D2D-BFC1-F217B8BCA9D8}
		{E5BC0A45-E246-4838-88F1-28AEE9EB98C3} = {0DA12F8E-798B-4D2D-BFC1-F217B8BCA9D8}
	EndGlobalSection
	GlobalSection(ExtensibilityGlobals) = postSolution
		SolutionGuid = {FD36E6F1-F62B-400E-A623-1285F7A74A32}
	EndGlobalSection
EndGlobal
